
Microsoft Visual Studio Solution File, Format Version 12.00
# Visual Studio Express 2012 for Web
Project("{FAE04EC0-301F-11D3-BF4B-00C04F79EFBC}") = "itp5proj", "itp5proj\itp5proj.csproj", "{F5D5850B-9C59-4F0B-A1FA-817EB63023C6}"
EndProject
Global
	GlobalSection(SolutionConfigurationPlatforms) = preSolution
		Debug|Any CPU = Debug|Any CPU
		Release|Any CPU = Release|Any CPU
	EndGlobalSection
	GlobalSection(ProjectConfigurationPlatforms) = postSolution
		{F5D5850B-9C59-4F0B-A1FA-817EB63023C6}.Debug|Any CPU.ActiveCfg = Debug|Any CPU
		{F5D5850B-9C59-4F0B-A1FA-817EB63023C6}.Debug|Any CPU.Build.0 = Debug|Any CPU
		{F5D5850B-9C59-4F0B-A1FA-817EB63023C6}.Release|Any CPU.ActiveCfg = Release|Any CPU
		{F5D5850B-9C59-4F0B-A1FA-817EB63023C6}.Release|Any CPU.Build.0 = Release|Any CPU
	EndGlobalSection
	GlobalSection(SolutionProperties) = preSolution
		HideSolutionNode = FALSE
	EndGlobalSection
EndGlobal
